
Microsoft Visual Studio Solution File, Format Version 12.00
# Visual Studio 15
VisualStudioVersion = 15.0.28307.779
MinimumVisualStudioVersion = 10.0.40219.1
Project("{FAE04EC0-301F-11D3-BF4B-00C04F79EFBC}") = "AmgSistemas.ControleFinanceiro", "AmgSistemas.ControleFinanceiro\AmgSistemas.ControleFinanceiro.csproj", "{4E6CE3AC-0A85-457B-8ACB-F13F89C487A6}"
EndProject
Project("{FAE04EC0-301F-11D3-BF4B-00C04F79EFBC}") = "DrConta", "..\..\DraConta\DrConta\DrConta.csproj", "{B27C20C1-0060-4CDF-99B2-9ABDEBC5A8E2}"
EndProject
Global
	GlobalSection(SolutionConfigurationPlatforms) = preSolution
		Debug|Any CPU = Debug|Any CPU
		Release|Any CPU = Release|Any CPU
	EndGlobalSection
	GlobalSection(ProjectConfigurationPlatforms) = postSolution
		{4E6CE3AC-0A85-457B-8ACB-F13F89C487A6}.Debug|Any CPU.ActiveCfg = Debug|Any CPU
		{4E6CE3AC-0A85-457B-8ACB-F13F89C487A6}.Debug|Any CPU.Build.0 = Debug|Any CPU
		{4E6CE3AC-0A85-457B-8ACB-F13F89C487A6}.Release|Any CPU.ActiveCfg = Release|Any CPU
		{4E6CE3AC-0A85-457B-8ACB-F13F89C487A6}.Release|Any CPU.Build.0 = Release|Any CPU
		{B27C20C1-0060-4CDF-99B2-9ABDEBC5A8E2}.Debug|Any CPU.ActiveCfg = Debug|Any CPU
		{B27C20C1-0060-4CDF-99B2-9ABDEBC5A8E2}.Debug|Any CPU.Build.0 = Debug|Any CPU
		{B27C20C1-0060-4CDF-99B2-9ABDEBC5A8E2}.Release|Any CPU.ActiveCfg = Release|Any CPU
		{B27C20C1-0060-4CDF-99B2-9ABDEBC5A8E2}.Release|Any CPU.Build.0 = Release|Any CPU
	EndGlobalSection
	GlobalSection(SolutionProperties) = preSolution
		HideSolutionNode = FALSE
	EndGlobalSection
	GlobalSection(ExtensibilityGlobals) = postSolution
		SolutionGuid = {F138412C-59D6-4911-8868-7EF7388BADA1}
	EndGlobalSection
	GlobalSection(TeamFoundationVersionControl) = preSolution
		SccNumberOfProjects = 3
		SccEnterpriseProvider = {4CA58AB2-18FA-4F8D-95D4-32DDF27D184C}
		SccTeamFoundationServer = https://anselmomgois.visualstudio.com/
		SccLocalPath0 = .
		SccProjectUniqueName1 = AmgSistemas.ControleFinanceiro\\AmgSistemas.ControleFinanceiro.csproj
		SccProjectName1 = AmgSistemas.ControleFinanceiro
		SccLocalPath1 = AmgSistemas.ControleFinanceiro
		SccProjectUniqueName2 = ..\\..\\DraConta\\DrConta\\DrConta.csproj
		SccProjectName2 = ../../DraConta/DrConta
		SccLocalPath2 = ..\\..\\DraConta\\DrConta
	EndGlobalSection
EndGlobal
